// !$*UTF8*$!
{
	archiveVersion = 1;
	classes = {
	};
	objectVersion = 55;
	objects = {

/* Begin PBXBuildFile section */
		034C11A92870D7FF003E4C73 /* MessengerApp.swift in Sources */ = {isa = PBXBuildFile; fileRef = 034C11A82870D7FF003E4C73 /* MessengerApp.swift */; };
		034C11AB2870D7FF003E4C73 /* converstionList.swift in Sources */ = {isa = PBXBuildFile; fileRef = 034C11AA2870D7FF003E4C73 /* converstionList.swift */; };
		034C11AD2870D804003E4C73 /* Assets.xcassets in Resources */ = {isa = PBXBuildFile; fileRef = 034C11AC2870D804003E4C73 /* Assets.xcassets */; };
		034C11B02870D804003E4C73 /* Preview Assets.xcassets in Resources */ = {isa = PBXBuildFile; fileRef = 034C11AF2870D804003E4C73 /* Preview Assets.xcassets */; };
		034C11BB2870DCE7003E4C73 /* signInView.swift in Sources */ = {isa = PBXBuildFile; fileRef = 034C11BA2870DCE7003E4C73 /* signInView.swift */; };
		034C11BD2870DD08003E4C73 /* signUpView.swift in Sources */ = {isa = PBXBuildFile; fileRef = 034C11BC2870DD08003E4C73 /* signUpView.swift */; };
		034C11BF2870DD1C003E4C73 /* chatView.swift in Sources */ = {isa = PBXBuildFile; fileRef = 034C11BE2870DD1C003E4C73 /* chatView.swift */; };
		034C11C12870DD39003E4C73 /* chatRowView.swift in Sources */ = {isa = PBXBuildFile; fileRef = 034C11C02870DD39003E4C73 /* chatRowView.swift */; };
		034C11C32870DD54003E4C73 /* searchView.swift in Sources */ = {isa = PBXBuildFile; fileRef = 034C11C22870DD54003E4C73 /* searchView.swift */; };
		034C11C52870DD67003E4C73 /* sendButtonView.swift in Sources */ = {isa = PBXBuildFile; fileRef = 034C11C42870DD67003E4C73 /* sendButtonView.swift */; };
/* End PBXBuildFile section */

/* Begin PBXFileReference section */
		034C11A52870D7FF003E4C73 /* Messenger.app */ = {isa = PBXFileReference; explicitFileType = wrapper.application; includeInIndex = 0; path = Messenger.app; sourceTree = BUILT_PRODUCTS_DIR; };
		034C11A82870D7FF003E4C73 /* MessengerApp.swift */ = {isa = PBXFileReference; lastKnownFileType = sourcecode.swift; path = MessengerApp.swift; sourceTree = "<group>"; };
		034C11AA2870D7FF003E4C73 /* converstionList.swift */ = {isa = PBXFileReference; lastKnownFileType = sourcecode.swift; path = converstionList.swift; sourceTree = "<group>"; };
		034C11AC2870D804003E4C73 /* Assets.xcassets */ = {isa = PBXFileReference; lastKnownFileType = folder.assetcatalog; path = Assets.xcassets; sourceTree = "<group>"; };
		034C11AF2870D804003E4C73 /* Preview Assets.xcassets */ = {isa = PBXFileReference; lastKnownFileType = folder.assetcatalog; path = "Preview Assets.xcassets"; sourceTree = "<group>"; };
		034C11BA2870DCE7003E4C73 /* signInView.swift */ = {isa = PBXFileReference; lastKnownFileType = sourcecode.swift; path = signInView.swift; sourceTree = "<group>"; };
		034C11BC2870DD08003E4C73 /* signUpView.swift */ = {isa = PBXFileReference; lastKnownFileType = sourcecode.swift; path = signUpView.swift; sourceTree = "<group>"; };
		034C11BE2870DD1C003E4C73 /* chatView.swift */ = {isa = PBXFileReference; lastKnownFileType = sourcecode.swift; path = chatView.swift; sourceTree = "<group>"; };
		034C11C02870DD39003E4C73 /* chatRowView.swift */ = {isa = PBXFileReference; lastKnownFileType = sourcecode.swift; path = chatRowView.swift; sourceTree = "<group>"; };
		034C11C22870DD54003E4C73 /* searchView.swift */ = {isa = PBXFileReference; lastKnownFileType = sourcecode.swift; path = searchView.swift; sourceTree = "<group>"; };
		034C11C42870DD67003E4C73 /* sendButtonView.swift */ = {isa = PBXFileReference; lastKnownFileType = sourcecode.swift; path = sendButtonView.swift; sourceTree = "<group>"; };
/* End PBXFileReference section */

/* Begin PBXFrameworksBuildPhase section */
		034C11A22870D7FF003E4C73 /* Frameworks */ = {
			isa = PBXFrameworksBuildPhase;
			buildActionMask = 2147483647;
			files = (
			);
			runOnlyForDeploymentPostprocessing = 0;
		};
/* End PBXFrameworksBuildPhase section */

/* Begin PBXGroup section */
		034C119C2870D7FE003E4C73 = {
			isa = PBXGroup;
			children = (
				034C11A72870D7FF003E4C73 /* Messenger */,
				034C11A62870D7FF003E4C73 /* Products */,
			);
			sourceTree = "<group>";
		};
		034C11A62870D7FF003E4C73 /* Products */ = {
			isa = PBXGroup;
			children = (
				034C11A52870D7FF003E4C73 /* Messenger.app */,
			);
			name = Products;
			sourceTree = "<group>";
		};
		034C11A72870D7FF003E4C73 /* Messenger */ = {
			isa = PBXGroup;
			children = (
				034C11B92870DB11003E4C73 /* Resources */,
				034C11B82870DB09003E4C73 /* Models */,
				034C11B62870DAED003E4C73 /* Views */,
				034C11AE2870D804003E4C73 /* Preview Content */,
			);
			path = Messenger;
			sourceTree = "<group>";
		};
		034C11AE2870D804003E4C73 /* Preview Content */ = {
			isa = PBXGroup;
			children = (
				034C11AF2870D804003E4C73 /* Preview Assets.xcassets */,
			);
			path = "Preview Content";
			sourceTree = "<group>";
		};
		034C11B62870DAED003E4C73 /* Views */ = {
			isa = PBXGroup;
			children = (
				034C11AA2870D7FF003E4C73 /* converstionList.swift */,
				034C11BA2870DCE7003E4C73 /* signInView.swift */,
				034C11BC2870DD08003E4C73 /* signUpView.swift */,
				034C11BE2870DD1C003E4C73 /* chatView.swift */,
				034C11C02870DD39003E4C73 /* chatRowView.swift */,
				034C11C22870DD54003E4C73 /* searchView.swift */,
				034C11C42870DD67003E4C73 /* sendButtonView.swift */,
			);
			path = Views;
			sourceTree = "<group>";
		};
		034C11B82870DB09003E4C73 /* Models */ = {
			isa = PBXGroup;
			children = (
			);
			path = Models;
			sourceTree = "<group>";
		};
		034C11B92870DB11003E4C73 /* Resources */ = {
			isa = PBXGroup;
			children = (
				034C11AC2870D804003E4C73 /* Assets.xcassets */,
				034C11A82870D7FF003E4C73 /* MessengerApp.swift */,
			);
			path = Resources;
			sourceTree = "<group>";
		};
/* End PBXGroup section */

/* Begin PBXNativeTarget section */
		034C11A42870D7FF003E4C73 /* Messenger */ = {
			isa = PBXNativeTarget;
			buildConfigurationList = 034C11B32870D804003E4C73 /* Build configuration list for PBXNativeTarget "Messenger" */;
			buildPhases = (
				034C11A12870D7FF003E4C73 /* Sources */,
				034C11A22870D7FF003E4C73 /* Frameworks */,
				034C11A32870D7FF003E4C73 /* Resources */,
			);
			buildRules = (
			);
			dependencies = (
			);
			name = Messenger;
			productName = Messenger;
			productReference = 034C11A52870D7FF003E4C73 /* Messenger.app */;
			productType = "com.apple.product-type.application";
		};
/* End PBXNativeTarget section */

/* Begin PBXProject section */
		034C119D2870D7FE003E4C73 /* Project object */ = {
			isa = PBXProject;
			attributes = {
				BuildIndependentTargetsInParallel = 1;
				LastSwiftUpdateCheck = 1330;
				LastUpgradeCheck = 1330;
				TargetAttributes = {
					034C11A42870D7FF003E4C73 = {
						CreatedOnToolsVersion = 13.3;
					};
				};
			};
			buildConfigurationList = 034C11A02870D7FE003E4C73 /* Build configuration list for PBXProject "Messenger" */;
			compatibilityVersion = "Xcode 13.0";
			developmentRegion = en;
			hasScannedForEncodings = 0;
			knownRegions = (
				en,
				Base,
			);
			mainGroup = 034C119C2870D7FE003E4C73;
			productRefGroup = 034C11A62870D7FF003E4C73 /* Products */;
			projectDirPath = "";
			projectRoot = "";
			targets = (
				034C11A42870D7FF003E4C73 /* Messenger */,
			);
		};
/* End PBXProject section */

/* Begin PBXResourcesBuildPhase section */
		034C11A32870D7FF003E4C73 /* Resources */ = {
			isa = PBXResourcesBuildPhase;
			buildActionMask = 2147483647;
			files = (
				034C11B02870D804003E4C73 /* Preview Assets.xcassets in Resources */,
				034C11AD2870D804003E4C73 /* Assets.xcassets in Resources */,
			);
			runOnlyForDeploymentPostprocessing = 0;
		};
/* End PBXResourcesBuildPhase section */

/* Begin PBXSourcesBuildPhase section */
		034C11A12870D7FF003E4C73 /* Sources */ = {
			isa = PBXSourcesBuildPhase;
			buildActionMask = 2147483647;
			files = (
				034C11C52870DD67003E4C73 /* sendButtonView.swift in Sources */,
				034C11C32870DD54003E4C73 /* searchView.swift in Sources */,
				034C11BD2870DD08003E4C73 /* signUpView.swift in Sources */,
				034C11C12870DD39003E4C73 /* chatRowView.swift in Sources */,
				034C11AB2870D7FF003E4C73 /* converstionList.swift in Sources */,
				034C11BF2870DD1C003E4C73 /* chatView.swift in Sources */,
				034C11BB2870DCE7003E4C73 /* signInView.swift in Sources */,
				034C11A92870D7FF003E4C73 /* MessengerApp.swift in Sources */,
			);
			runOnlyForDeploymentPostprocessing = 0;
		};
/* End PBXSourcesBuildPhase section */

/* Begin XCBuildConfiguration section */
		034C11B12870D804003E4C73 /* Debug */ = {
			isa = XCBuildConfiguration;
			buildSettings = {
				ALWAYS_SEARCH_USER_PATHS = NO;
				CLANG_ANALYZER_NONNULL = YES;
				CLANG_ANALYZER_NUMBER_OBJECT_CONVERSION = YES_AGGRESSIVE;
				CLANG_CXX_LANGUAGE_STANDARD = "gnu++17";
				CLANG_ENABLE_MODULES = YES;
				CLANG_ENABLE_OBJC_ARC = YES;
				CLANG_ENABLE_OBJC_WEAK = YES;
				CLANG_WARN_BLOCK_CAPTURE_AUTORELEASING = YES;
				CLANG_WARN_BOOL_CONVERSION = YES;
				CLANG_WARN_COMMA = YES;
				CLANG_WARN_CONSTANT_CONVERSION = YES;
				CLANG_WARN_DEPRECATED_OBJC_IMPLEMENTATIONS = YES;
				CLANG_WARN_DIRECT_OBJC_ISA_USAGE = YES_ERROR;
				CLANG_WARN_DOCUMENTATION_COMMENTS = YES;
				CLANG_WARN_EMPTY_BODY = YES;
				CLANG_WARN_ENUM_CONVERSION = YES;
				CLANG_WARN_INFINITE_RECURSION = YES;
				CLANG_WARN_INT_CONVERSION = YES;
				CLANG_WARN_NON_LITERAL_NULL_CONVERSION = YES;
				CLANG_WARN_OBJC_IMPLICIT_RETAIN_SELF = YES;
				CLANG_WARN_OBJC_LITERAL_CONVERSION = YES;
				CLANG_WARN_OBJC_ROOT_CLASS = YES_ERROR;
				CLANG_WARN_QUOTED_INCLUDE_IN_FRAMEWORK_HEADER = YES;
				CLANG_WARN_RANGE_LOOP_ANALYSIS = YES;
				CLANG_WARN_STRICT_PROTOTYPES = YES;
				CLANG_WARN_SUSPICIOUS_MOVE = YES;
				CLANG_WARN_UNGUARDED_AVAILABILITY = YES_AGGRESSIVE;
				CLANG_WARN_UNREACHABLE_CODE = YES;
				CLANG_WARN__DUPLICATE_METHOD_MATCH = YES;
				COPY_PHASE_STRIP = NO;
				DEBUG_INFORMATION_FORMAT = dwarf;
				ENABLE_STRICT_OBJC_MSGSEND = YES;
				ENABLE_TESTABILITY = YES;
				GCC_C_LANGUAGE_STANDARD = gnu11;
				GCC_DYNAMIC_NO_PIC = NO;
				GCC_NO_COMMON_BLOCKS = YES;
				GCC_OPTIMIZATION_LEVEL = 0;
				GCC_PREPROCESSOR_DEFINITIONS = (
					"DEBUG=1",
					"$(inherited)",
				);
				GCC_WARN_64_TO_32_BIT_CONVERSION = YES;
				GCC_WARN_ABOUT_RETURN_TYPE = YES_ERROR;
				GCC_WARN_UNDECLARED_SELECTOR = YES;
				GCC_WARN_UNINITIALIZED_AUTOS = YES_AGGRESSIVE;
				GCC_WARN_UNUSED_FUNCTION = YES;
				GCC_WARN_UNUSED_VARIABLE = YES;
				IPHONEOS_DEPLOYMENT_TARGET = 15.4;
				MTL_ENABLE_DEBUG_INFO = INCLUDE_SOURCE;
				MTL_FAST_MATH = YES;
				ONLY_ACTIVE_ARCH = YES;
				SDKROOT = iphoneos;
				SWIFT_ACTIVE_COMPILATION_CONDITIONS = DEBUG;
				SWIFT_OPTIMIZATION_LEVEL = "-Onone";
			};
			name = Debug;
		};
		034C11B22870D804003E4C73 /* Release */ = {
			isa = XCBuildConfiguration;
			buildSettings = {
				ALWAYS_SEARCH_USER_PATHS = NO;
				CLANG_ANALYZER_NONNULL = YES;
				CLANG_ANALYZER_NUMBER_OBJECT_CONVERSION = YES_AGGRESSIVE;
				CLANG_CXX_LANGUAGE_STANDARD = "gnu++17";
				CLANG_ENABLE_MODULES = YES;
				CLANG_ENABLE_OBJC_ARC = YES;
				CLANG_ENABLE_OBJC_WEAK = YES;
				CLANG_WARN_BLOCK_CAPTURE_AUTORELEASING = YES;
				CLANG_WARN_BOOL_CONVERSION = YES;
				CLANG_WARN_COMMA = YES;
				CLANG_WARN_CONSTANT_CONVERSION = YES;
				CLANG_WARN_DEPRECATED_OBJC_IMPLEMENTATIONS = YES;
				CLANG_WARN_DIRECT_OBJC_ISA_USAGE = YES_ERROR;
				CLANG_WARN_DOCUMENTATION_COMMENTS = YES;
				CLANG_WARN_EMPTY_BODY = YES;
				CLANG_WARN_ENUM_CONVERSION = YES;
				CLANG_WARN_INFINITE_RECURSION = YES;
				CLANG_WARN_INT_CONVERSION = YES;
				CLANG_WARN_NON_LITERAL_NULL_CONVERSION = YES;
				CLANG_WARN_OBJC_IMPLICIT_RETAIN_SELF = YES;
				CLANG_WARN_OBJC_LITERAL_CONVERSION = YES;
				CLANG_WARN_OBJC_ROOT_CLASS = YES_ERROR;
				CLANG_WARN_QUOTED_INCLUDE_IN_FRAMEWORK_HEADER = YES;
				CLANG_WARN_RANGE_LOOP_ANALYSIS = YES;
				CLANG_WARN_STRICT_PROTOTYPES = YES;
				CLANG_WARN_SUSPICIOUS_MOVE = YES;
				CLANG_WARN_UNGUARDED_AVAILABILITY = YES_AGGRESSIVE;
				CLANG_WARN_UNREACHABLE_CODE = YES;
				CLANG_WARN__DUPLICATE_METHOD_MATCH = YES;
				COPY_PHASE_STRIP = NO;
				DEBUG_INFORMATION_FORMAT = "dwarf-with-dsym";
				ENABLE_NS_ASSERTIONS = NO;
				ENABLE_STRICT_OBJC_MSGSEND = YES;
				GCC_C_LANGUAGE_STANDARD = gnu11;
				GCC_NO_COMMON_BLOCKS = YES;
				GCC_WARN_64_TO_32_BIT_CONVERSION = YES;
				GCC_WARN_ABOUT_RETURN_TYPE = YES_ERROR;
				GCC_WARN_UNDECLARED_SELECTOR = YES;
				GCC_WARN_UNINITIALIZED_AUTOS = YES_AGGRESSIVE;
				GCC_WARN_UNUSED_FUNCTION = YES;
				GCC_WARN_UNUSED_VARIABLE = YES;
				IPHONEOS_DEPLOYMENT_TARGET = 15.4;
				MTL_ENABLE_DEBUG_INFO = NO;
				MTL_FAST_MATH = YES;
				SDKROOT = iphoneos;
				SWIFT_COMPILATION_MODE = wholemodule;
				SWIFT_OPTIMIZATION_LEVEL = "-O";
				VALIDATE_PRODUCT = YES;
			};
			name = Release;
		};
		034C11B42870D804003E4C73 /* Debug */ = {
			isa = XCBuildConfiguration;
			buildSettings = {
				ASSETCATALOG_COMPILER_APPICON_NAME = AppIcon;
				ASSETCATALOG_COMPILER_GLOBAL_ACCENT_COLOR_NAME = AccentColor;
				CODE_SIGN_STYLE = Automatic;
				CURRENT_PROJECT_VERSION = 1;
				DEVELOPMENT_ASSET_PATHS = "\"Messenger/Preview Content\"";
				DEVELOPMENT_TEAM = 8VLM52ABGB;
				ENABLE_PREVIEWS = YES;
				GENERATE_INFOPLIST_FILE = YES;
				INFOPLIST_KEY_UIApplicationSceneManifest_Generation = YES;
				INFOPLIST_KEY_UIApplicationSupportsIndirectInputEvents = YES;
				INFOPLIST_KEY_UILaunchScreen_Generation = YES;
				INFOPLIST_KEY_UISupportedInterfaceOrientations_iPad = "UIInterfaceOrientationPortrait UIInterfaceOrientationPortraitUpsideDown UIInterfaceOrientationLandscapeLeft UIInterfaceOrientationLandscapeRight";
				INFOPLIST_KEY_UISupportedInterfaceOrientations_iPhone = "UIInterfaceOrientationPortrait UIInterfaceOrientationLandscapeLeft UIInterfaceOrientationLandscapeRight";
				LD_RUNPATH_SEARCH_PATHS = (
					"$(inherited)",
					"@executable_path/Frameworks",
				);
				MARKETING_VERSION = 1.0;
				PRODUCT_BUNDLE_IDENTIFIER = BT.Messenger;
				PRODUCT_NAME = "$(TARGET_NAME)";
				SWIFT_EMIT_LOC_STRINGS = YES;
				SWIFT_VERSION = 5.0;
				TARGETED_DEVICE_FAMILY = "1,2";
			};
			name = Debug;
		};
		034C11B52870D804003E4C73 /* Release */ = {
			isa = XCBuildConfiguration;
			buildSettings = {
				ASSETCATALOG_COMPILER_APPICON_NAME = AppIcon;
				ASSETCATALOG_COMPILER_GLOBAL_ACCENT_COLOR_NAME = AccentColor;
				CODE_SIGN_STYLE = Automatic;
				CURRENT_PROJECT_VERSION = 1;
				DEVELOPMENT_ASSET_PATHS = "\"Messenger/Preview Content\"";
				DEVELOPMENT_TEAM = 8VLM52ABGB;
				ENABLE_PREVIEWS = YES;
				GENERATE_INFOPLIST_FILE = YES;
				INFOPLIST_KEY_UIApplicationSceneManifest_Generation = YES;
				INFOPLIST_KEY_UIApplicationSupportsIndirectInputEvents = YES;
				INFOPLIST_KEY_UILaunchScreen_Generation = YES;
				INFOPLIST_KEY_UISupportedInterfaceOrientations_iPad = "UIInterfaceOrientationPortrait UIInterfaceOrientationPortraitUpsideDown UIInterfaceOrientationLandscapeLeft UIInterfaceOrientationLandscapeRight";
				INFOPLIST_KEY_UISupportedInterfaceOrientations_iPhone = "UIInterfaceOrientationPortrait UIInterfaceOrientationLandscapeLeft UIInterfaceOrientationLandscapeRight";
				LD_RUNPATH_SEARCH_PATHS = (
					"$(inherited)",
					"@executable_path/Frameworks",
				);
				MARKETING_VERSION = 1.0;
				PRODUCT_BUNDLE_IDENTIFIER = BT.Messenger;
				PRODUCT_NAME = "$(TARGET_NAME)";
				SWIFT_EMIT_LOC_STRINGS = YES;
				SWIFT_VERSION = 5.0;
				TARGETED_DEVICE_FAMILY = "1,2";
			};
			name = Release;
		};
/* End XCBuildConfiguration section */

/* Begin XCConfigurationList section */
		034C11A02870D7FE003E4C73 /* Build configuration list for PBXProject "Messenger" */ = {
			isa = XCConfigurationList;
			buildConfigurations = (
				034C11B12870D804003E4C73 /* Debug */,
				034C11B22870D804003E4C73 /* Release */,
			);
			defaultConfigurationIsVisible = 0;
			defaultConfigurationName = Release;
		};
		034C11B32870D804003E4C73 /* Build configuration list for PBXNativeTarget "Messenger" */ = {
			isa = XCConfigurationList;
			buildConfigurations = (
				034C11B42870D804003E4C73 /* Debug */,
				034C11B52870D804003E4C73 /* Release */,
			);
			defaultConfigurationIsVisible = 0;
			defaultConfigurationName = Release;
		};
/* End XCConfigurationList section */
	};
	rootObject = 034C119D2870D7FE003E4C73 /* Project object */;
}
